// !$*UTF8*$!
{
	archiveVersion = 1;
	classes = {
	};
	objectVersion = 55;
	objects = {

/* Begin PBXBuildFile section */
		D1350DA52968A70600E6FADE /* Alamofire in Frameworks */ = {isa = PBXBuildFile; productRef = D1350DA42968A70600E6FADE /* Alamofire */; };
		D1350DA92968A92700E6FADE /* GetUsuariosResponse.swift in Sources */ = {isa = PBXBuildFile; fileRef = D1350DA82968A92700E6FADE /* GetUsuariosResponse.swift */; };
		D1350DAC2968AC4C00E6FADE /* VerUsuariosView.swift in Sources */ = {isa = PBXBuildFile; fileRef = D1350DAB2968AC4C00E6FADE /* VerUsuariosView.swift */; };
		D1350DAF2968AC7B00E6FADE /* VerUsuarioViewModel.swift in Sources */ = {isa = PBXBuildFile; fileRef = D1350DAE2968AC7B00E6FADE /* VerUsuarioViewModel.swift */; };
		D14D2FD829679DEE00E57B43 /* SharedViewModel.swift in Sources */ = {isa = PBXBuildFile; fileRef = D14D2FD729679DED00E57B43 /* SharedViewModel.swift */; };
		D14D2FDB2967BCB100E57B43 /* EditarPacienteView.swift in Sources */ = {isa = PBXBuildFile; fileRef = D14D2FDA2967BCB100E57B43 /* EditarPacienteView.swift */; };
		D14D2FDD2967BD0100E57B43 /* EditarPacienteViewModel.swift in Sources */ = {isa = PBXBuildFile; fileRef = D14D2FDC2967BD0100E57B43 /* EditarPacienteViewModel.swift */; };
		D1FD03E6295E49B60071C6F4 /* MenuPrincipalView.swift in Sources */ = {isa = PBXBuildFile; fileRef = D1FD03E5295E49B60071C6F4 /* MenuPrincipalView.swift */; };
		D1FD03EB295E4FAB0071C6F4 /* AgregarPacienteView.swift in Sources */ = {isa = PBXBuildFile; fileRef = D1FD03EA295E4FAB0071C6F4 /* AgregarPacienteView.swift */; };
		D1FD03ED295E4FC70071C6F4 /* AgregarPacienteViewModel.swift in Sources */ = {isa = PBXBuildFile; fileRef = D1FD03EC295E4FC70071C6F4 /* AgregarPacienteViewModel.swift */; };
		D1FD03F0295E52110071C6F4 /* Paciente.swift in Sources */ = {isa = PBXBuildFile; fileRef = D1FD03EF295E52110071C6F4 /* Paciente.swift */; };
		D1FD03F3295E6AB90071C6F4 /* VerPacienteView.swift in Sources */ = {isa = PBXBuildFile; fileRef = D1FD03F2295E6AB90071C6F4 /* VerPacienteView.swift */; };
		D1FD03F5295E6ACE0071C6F4 /* VerPacienteViewModel.swift in Sources */ = {isa = PBXBuildFile; fileRef = D1FD03F4295E6ACE0071C6F4 /* VerPacienteViewModel.swift */; };
		FB91C53D2919E11300B6F025 /* Ejercicios_iOSApp.swift in Sources */ = {isa = PBXBuildFile; fileRef = FB91C53C2919E11300B6F025 /* Ejercicios_iOSApp.swift */; };
		FB91C5412919E11800B6F025 /* Assets.xcassets in Resources */ = {isa = PBXBuildFile; fileRef = FB91C5402919E11800B6F025 /* Assets.xcassets */; };
		FB91C5442919E11800B6F025 /* Preview Assets.xcassets in Resources */ = {isa = PBXBuildFile; fileRef = FB91C5432919E11800B6F025 /* Preview Assets.xcassets */; };
		FB91C5492919E11800B6F025 /* Ejercicios_iOS.xcdatamodeld in Sources */ = {isa = PBXBuildFile; fileRef = FB91C5472919E11800B6F025 /* Ejercicios_iOS.xcdatamodeld */; };
		FB91C5532919E11900B6F025 /* Ejercicios_iOSTests.swift in Sources */ = {isa = PBXBuildFile; fileRef = FB91C5522919E11900B6F025 /* Ejercicios_iOSTests.swift */; };
		FB91C55D2919E11900B6F025 /* Ejercicios_iOSUITests.swift in Sources */ = {isa = PBXBuildFile; fileRef = FB91C55C2919E11900B6F025 /* Ejercicios_iOSUITests.swift */; };
		FB91C55F2919E11900B6F025 /* Ejercicios_iOSUITestsLaunchTests.swift in Sources */ = {isa = PBXBuildFile; fileRef = FB91C55E2919E11900B6F025 /* Ejercicios_iOSUITestsLaunchTests.swift */; };
/* End PBXBuildFile section */

/* Begin PBXContainerItemProxy section */
		FB91C54F2919E11900B6F025 /* PBXContainerItemProxy */ = {
			isa = PBXContainerItemProxy;
			containerPortal = FB91C5312919E11300B6F025 /* Project object */;
			proxyType = 1;
			remoteGlobalIDString = FB91C5382919E11300B6F025;
			remoteInfo = "Ejercicios-iOS";
		};
		FB91C5592919E11900B6F025 /* PBXContainerItemProxy */ = {
			isa = PBXContainerItemProxy;
			containerPortal = FB91C5312919E11300B6F025 /* Project object */;
			proxyType = 1;
			remoteGlobalIDString = FB91C5382919E11300B6F025;
			remoteInfo = "Ejercicios-iOS";
		};
/* End PBXContainerItemProxy section */

/* Begin PBXFileReference section */
		D1350DA82968A92700E6FADE /* GetUsuariosResponse.swift */ = {isa = PBXFileReference; lastKnownFileType = sourcecode.swift; path = GetUsuariosResponse.swift; sourceTree = "<group>"; };
		D1350DAB2968AC4C00E6FADE /* VerUsuariosView.swift */ = {isa = PBXFileReference; lastKnownFileType = sourcecode.swift; path = VerUsuariosView.swift; sourceTree = "<group>"; };
		D1350DAE2968AC7B00E6FADE /* VerUsuarioViewModel.swift */ = {isa = PBXFileReference; lastKnownFileType = sourcecode.swift; path = VerUsuarioViewModel.swift; sourceTree = "<group>"; };
		D14D2FD729679DED00E57B43 /* SharedViewModel.swift */ = {isa = PBXFileReference; lastKnownFileType = sourcecode.swift; path = SharedViewModel.swift; sourceTree = "<group>"; };
		D14D2FDA2967BCB100E57B43 /* EditarPacienteView.swift */ = {isa = PBXFileReference; lastKnownFileType = sourcecode.swift; path = EditarPacienteView.swift; sourceTree = "<group>"; };
		D14D2FDC2967BD0100E57B43 /* EditarPacienteViewModel.swift */ = {isa = PBXFileReference; lastKnownFileType = sourcecode.swift; path = EditarPacienteViewModel.swift; sourceTree = "<group>"; };
		D1FD03E5295E49B60071C6F4 /* MenuPrincipalView.swift */ = {isa = PBXFileReference; lastKnownFileType = sourcecode.swift; path = MenuPrincipalView.swift; sourceTree = "<group>"; };
		D1FD03EA295E4FAB0071C6F4 /* AgregarPacienteView.swift */ = {isa = PBXFileReference; lastKnownFileType = sourcecode.swift; path = AgregarPacienteView.swift; sourceTree = "<group>"; };
		D1FD03EC295E4FC70071C6F4 /* AgregarPacienteViewModel.swift */ = {isa = PBXFileReference; lastKnownFileType = sourcecode.swift; path = AgregarPacienteViewModel.swift; sourceTree = "<group>"; };
		D1FD03EF295E52110071C6F4 /* Paciente.swift */ = {isa = PBXFileReference; lastKnownFileType = sourcecode.swift; name = Paciente.swift; path = "Ejercicios-iOS/Paciente.swift"; sourceTree = SOURCE_ROOT; };
		D1FD03F2295E6AB90071C6F4 /* VerPacienteView.swift */ = {isa = PBXFileReference; lastKnownFileType = sourcecode.swift; path = VerPacienteView.swift; sourceTree = "<group>"; };
		D1FD03F4295E6ACE0071C6F4 /* VerPacienteViewModel.swift */ = {isa = PBXFileReference; lastKnownFileType = sourcecode.swift; path = VerPacienteViewModel.swift; sourceTree = "<group>"; };
		FB91C5392919E11300B6F025 /* Ejercicios-iOS.app */ = {isa = PBXFileReference; explicitFileType = wrapper.application; includeInIndex = 0; path = "Ejercicios-iOS.app"; sourceTree = BUILT_PRODUCTS_DIR; };
		FB91C53C2919E11300B6F025 /* Ejercicios_iOSApp.swift */ = {isa = PBXFileReference; lastKnownFileType = sourcecode.swift; path = Ejercicios_iOSApp.swift; sourceTree = "<group>"; };
		FB91C5402919E11800B6F025 /* Assets.xcassets */ = {isa = PBXFileReference; lastKnownFileType = folder.assetcatalog; path = Assets.xcassets; sourceTree = "<group>"; };
		FB91C5432919E11800B6F025 /* Preview Assets.xcassets */ = {isa = PBXFileReference; lastKnownFileType = folder.assetcatalog; path = "Preview Assets.xcassets"; sourceTree = "<group>"; };
		FB91C5482919E11800B6F025 /* Ejercicios_iOS.xcdatamodel */ = {isa = PBXFileReference; lastKnownFileType = wrapper.xcdatamodel; path = Ejercicios_iOS.xcdatamodel; sourceTree = "<group>"; };
		FB91C54E2919E11900B6F025 /* Ejercicios-iOSTests.xctest */ = {isa = PBXFileReference; explicitFileType = wrapper.cfbundle; includeInIndex = 0; path = "Ejercicios-iOSTests.xctest"; sourceTree = BUILT_PRODUCTS_DIR; };
		FB91C5522919E11900B6F025 /* Ejercicios_iOSTests.swift */ = {isa = PBXFileReference; lastKnownFileType = sourcecode.swift; path = Ejercicios_iOSTests.swift; sourceTree = "<group>"; };
		FB91C5582919E11900B6F025 /* Ejercicios-iOSUITests.xctest */ = {isa = PBXFileReference; explicitFileType = wrapper.cfbundle; includeInIndex = 0; path = "Ejercicios-iOSUITests.xctest"; sourceTree = BUILT_PRODUCTS_DIR; };
		FB91C55C2919E11900B6F025 /* Ejercicios_iOSUITests.swift */ = {isa = PBXFileReference; lastKnownFileType = sourcecode.swift; path = Ejercicios_iOSUITests.swift; sourceTree = "<group>"; };
		FB91C55E2919E11900B6F025 /* Ejercicios_iOSUITestsLaunchTests.swift */ = {isa = PBXFileReference; lastKnownFileType = sourcecode.swift; path = Ejercicios_iOSUITestsLaunchTests.swift; sourceTree = "<group>"; };
/* End PBXFileReference section */

/* Begin PBXFrameworksBuildPhase section */
		FB91C5362919E11300B6F025 /* Frameworks */ = {
			isa = PBXFrameworksBuildPhase;
			buildActionMask = 2147483647;
			files = (
				D1350DA52968A70600E6FADE /* Alamofire in Frameworks */,
			);
			runOnlyForDeploymentPostprocessing = 0;
		};
		FB91C54B2919E11900B6F025 /* Frameworks */ = {
			isa = PBXFrameworksBuildPhase;
			buildActionMask = 2147483647;
			files = (
			);
			runOnlyForDeploymentPostprocessing = 0;
		};
		FB91C5552919E11900B6F025 /* Frameworks */ = {
			isa = PBXFrameworksBuildPhase;
			buildActionMask = 2147483647;
			files = (
			);
			runOnlyForDeploymentPostprocessing = 0;
		};
/* End PBXFrameworksBuildPhase section */

/* Begin PBXGroup section */
		D1350DA62968A84C00E6FADE /* Data */ = {
			isa = PBXGroup;
			children = (
				D1FD03F1295E5AA50071C6F4 /* CoreData */,
				D1350DA72968A85900E6FADE /* WebService */,
			);
			path = Data;
			sourceTree = "<group>";
		};
		D1350DA72968A85900E6FADE /* WebService */ = {
			isa = PBXGroup;
			children = (
				D1350DA82968A92700E6FADE /* GetUsuariosResponse.swift */,
			);
			path = WebService;
			sourceTree = "<group>";
		};
		D1350DAA2968AC3700E6FADE /* VerUsuarios */ = {
			isa = PBXGroup;
			children = (
				D1350DAB2968AC4C00E6FADE /* VerUsuariosView.swift */,
				D1350DAE2968AC7B00E6FADE /* VerUsuarioViewModel.swift */,
			);
			path = VerUsuarios;
			sourceTree = "<group>";
		};
		D14D2FD629679DCD00E57B43 /* SharedViewModel */ = {
			isa = PBXGroup;
			children = (
				D14D2FD729679DED00E57B43 /* SharedViewModel.swift */,
			);
			path = SharedViewModel;
			sourceTree = "<group>";
		};
		D14D2FD92967BC7C00E57B43 /* EditarPaciente */ = {
			isa = PBXGroup;
			children = (
				D14D2FDA2967BCB100E57B43 /* EditarPacienteView.swift */,
				D14D2FDC2967BD0100E57B43 /* EditarPacienteViewModel.swift */,
			);
			path = EditarPaciente;
			sourceTree = "<group>";
		};
		D1FD03E4295E49970071C6F4 /* MenuPrincipal */ = {
			isa = PBXGroup;
			children = (
				D1FD03E5295E49B60071C6F4 /* MenuPrincipalView.swift */,
			);
			path = MenuPrincipal;
			sourceTree = "<group>";
		};
		D1FD03E7295E4EB70071C6F4 /* AgregarPaciente */ = {
			isa = PBXGroup;
			children = (
				D1FD03EA295E4FAB0071C6F4 /* AgregarPacienteView.swift */,
				D1FD03EC295E4FC70071C6F4 /* AgregarPacienteViewModel.swift */,
			);
			path = AgregarPaciente;
			sourceTree = "<group>";
		};
		D1FD03E8295E4ED20071C6F4 /* VerPaciente */ = {
			isa = PBXGroup;
			children = (
				D1FD03F2295E6AB90071C6F4 /* VerPacienteView.swift */,
				D1FD03F4295E6ACE0071C6F4 /* VerPacienteViewModel.swift */,
			);
			path = VerPaciente;
			sourceTree = "<group>";
		};
		D1FD03EE295E51ED0071C6F4 /* ModeloPaciente */ = {
			isa = PBXGroup;
			children = (
				D1FD03EF295E52110071C6F4 /* Paciente.swift */,
			);
			name = ModeloPaciente;
			path = "New Group";
			sourceTree = "<group>";
		};
		D1FD03F1295E5AA50071C6F4 /* CoreData */ = {
			isa = PBXGroup;
			children = (
				FB91C5472919E11800B6F025 /* Ejercicios_iOS.xcdatamodeld */,
			);
			path = CoreData;
			sourceTree = "<group>";
		};
		FB91C5302919E11300B6F025 = {
			isa = PBXGroup;
			children = (
				FB91C53B2919E11300B6F025 /* Ejercicios-iOS */,
				FB91C5512919E11900B6F025 /* Ejercicios-iOSTests */,
				FB91C55B2919E11900B6F025 /* Ejercicios-iOSUITests */,
				FB91C53A2919E11300B6F025 /* Products */,
			);
			sourceTree = "<group>";
		};
		FB91C53A2919E11300B6F025 /* Products */ = {
			isa = PBXGroup;
			children = (
				FB91C5392919E11300B6F025 /* Ejercicios-iOS.app */,
				FB91C54E2919E11900B6F025 /* Ejercicios-iOSTests.xctest */,
				FB91C5582919E11900B6F025 /* Ejercicios-iOSUITests.xctest */,
			);
			name = Products;
			sourceTree = "<group>";
		};
		FB91C53B2919E11300B6F025 /* Ejercicios-iOS */ = {
			isa = PBXGroup;
			children = (
				D1350DAA2968AC3700E6FADE /* VerUsuarios */,
				D1350DA62968A84C00E6FADE /* Data */,
				D14D2FD92967BC7C00E57B43 /* EditarPaciente */,
				D14D2FD629679DCD00E57B43 /* SharedViewModel */,
				D1FD03EE295E51ED0071C6F4 /* ModeloPaciente */,
				D1FD03E4295E49970071C6F4 /* MenuPrincipal */,
				D1FD03E7295E4EB70071C6F4 /* AgregarPaciente */,
				D1FD03E8295E4ED20071C6F4 /* VerPaciente */,
				FB91C53C2919E11300B6F025 /* Ejercicios_iOSApp.swift */,
				FB91C5402919E11800B6F025 /* Assets.xcassets */,
				FB91C5422919E11800B6F025 /* Preview Content */,
			);
			path = "Ejercicios-iOS";
			sourceTree = "<group>";
		};
		FB91C5422919E11800B6F025 /* Preview Content */ = {
			isa = PBXGroup;
			children = (
				FB91C5432919E11800B6F025 /* Preview Assets.xcassets */,
			);
			path = "Preview Content";
			sourceTree = "<group>";
		};
		FB91C5512919E11900B6F025 /* Ejercicios-iOSTests */ = {
			isa = PBXGroup;
			children = (
				FB91C5522919E11900B6F025 /* Ejercicios_iOSTests.swift */,
			);
			path = "Ejercicios-iOSTests";
			sourceTree = "<group>";
		};
		FB91C55B2919E11900B6F025 /* Ejercicios-iOSUITests */ = {
			isa = PBXGroup;
			children = (
				FB91C55C2919E11900B6F025 /* Ejercicios_iOSUITests.swift */,
				FB91C55E2919E11900B6F025 /* Ejercicios_iOSUITestsLaunchTests.swift */,
			);
			path = "Ejercicios-iOSUITests";
			sourceTree = "<group>";
		};
/* End PBXGroup section */

/* Begin PBXNativeTarget section */
		FB91C5382919E11300B6F025 /* Ejercicios-iOS */ = {
			isa = PBXNativeTarget;
			buildConfigurationList = FB91C5622919E11900B6F025 /* Build configuration list for PBXNativeTarget "Ejercicios-iOS" */;
			buildPhases = (
				FB91C5352919E11300B6F025 /* Sources */,
				FB91C5362919E11300B6F025 /* Frameworks */,
				FB91C5372919E11300B6F025 /* Resources */,
			);
			buildRules = (
			);
			dependencies = (
			);
			name = "Ejercicios-iOS";
			packageProductDependencies = (
				D1350DA42968A70600E6FADE /* Alamofire */,
			);
			productName = "Ejercicios-iOS";
			productReference = FB91C5392919E11300B6F025 /* Ejercicios-iOS.app */;
			productType = "com.apple.product-type.application";
		};
		FB91C54D2919E11900B6F025 /* Ejercicios-iOSTests */ = {
			isa = PBXNativeTarget;
			buildConfigurationList = FB91C5652919E11900B6F025 /* Build configuration list for PBXNativeTarget "Ejercicios-iOSTests" */;
			buildPhases = (
				FB91C54A2919E11900B6F025 /* Sources */,
				FB91C54B2919E11900B6F025 /* Frameworks */,
				FB91C54C2919E11900B6F025 /* Resources */,
			);
			buildRules = (
			);
			dependencies = (
				FB91C5502919E11900B6F025 /* PBXTargetDependency */,
			);
			name = "Ejercicios-iOSTests";
			productName = "Ejercicios-iOSTests";
			productReference = FB91C54E2919E11900B6F025 /* Ejercicios-iOSTests.xctest */;
			productType = "com.apple.product-type.bundle.unit-test";
		};
		FB91C5572919E11900B6F025 /* Ejercicios-iOSUITests */ = {
			isa = PBXNativeTarget;
			buildConfigurationList = FB91C5682919E11900B6F025 /* Build configuration list for PBXNativeTarget "Ejercicios-iOSUITests" */;
			buildPhases = (
				FB91C5542919E11900B6F025 /* Sources */,
				FB91C5552919E11900B6F025 /* Frameworks */,
				FB91C5562919E11900B6F025 /* Resources */,
			);
			buildRules = (
			);
			dependencies = (
				FB91C55A2919E11900B6F025 /* PBXTargetDependency */,
			);
			name = "Ejercicios-iOSUITests";
			productName = "Ejercicios-iOSUITests";
			productReference = FB91C5582919E11900B6F025 /* Ejercicios-iOSUITests.xctest */;
			productType = "com.apple.product-type.bundle.ui-testing";
		};
/* End PBXNativeTarget section */

/* Begin PBXProject section */
		FB91C5312919E11300B6F025 /* Project object */ = {
			isa = PBXProject;
			attributes = {
				BuildIndependentTargetsInParallel = 1;
				LastSwiftUpdateCheck = 1320;
				LastUpgradeCheck = 1320;
				TargetAttributes = {
					FB91C5382919E11300B6F025 = {
						CreatedOnToolsVersion = 13.2.1;
					};
					FB91C54D2919E11900B6F025 = {
						CreatedOnToolsVersion = 13.2.1;
						TestTargetID = FB91C5382919E11300B6F025;
					};
					FB91C5572919E11900B6F025 = {
						CreatedOnToolsVersion = 13.2.1;
						TestTargetID = FB91C5382919E11300B6F025;
					};
				};
			};
			buildConfigurationList = FB91C5342919E11300B6F025 /* Build configuration list for PBXProject "Ejercicios-iOS" */;
			compatibilityVersion = "Xcode 13.0";
			developmentRegion = en;
			hasScannedForEncodings = 0;
			knownRegions = (
				en,
				Base,
			);
			mainGroup = FB91C5302919E11300B6F025;
			packageReferences = (
				D1350DA32968A70600E6FADE /* XCRemoteSwiftPackageReference "Alamofire" */,
			);
			productRefGroup = FB91C53A2919E11300B6F025 /* Products */;
			projectDirPath = "";
			projectRoot = "";
			targets = (
				FB91C5382919E11300B6F025 /* Ejercicios-iOS */,
				FB91C54D2919E11900B6F025 /* Ejercicios-iOSTests */,
				FB91C5572919E11900B6F025 /* Ejercicios-iOSUITests */,
			);
		};
/* End PBXProject section */

/* Begin PBXResourcesBuildPhase section */
		FB91C5372919E11300B6F025 /* Resources */ = {
			isa = PBXResourcesBuildPhase;
			buildActionMask = 2147483647;
			files = (
				FB91C5442919E11800B6F025 /* Preview Assets.xcassets in Resources */,
				FB91C5412919E11800B6F025 /* Assets.xcassets in Resources */,
			);
			runOnlyForDeploymentPostprocessing = 0;
		};
		FB91C54C2919E11900B6F025 /* Resources */ = {
			isa = PBXResourcesBuildPhase;
			buildActionMask = 2147483647;
			files = (
			);
			runOnlyForDeploymentPostprocessing = 0;
		};
		FB91C5562919E11900B6F025 /* Resources */ = {
			isa = PBXResourcesBuildPhase;
			buildActionMask = 2147483647;
			files = (
			);
			runOnlyForDeploymentPostprocessing = 0;
		};
/* End PBXResourcesBuildPhase section */

/* Begin PBXSourcesBuildPhase section */
		FB91C5352919E11300B6F025 /* Sources */ = {
			isa = PBXSourcesBuildPhase;
			buildActionMask = 2147483647;
			files = (
				D14D2FDB2967BCB100E57B43 /* EditarPacienteView.swift in Sources */,
				D1FD03F5295E6ACE0071C6F4 /* VerPacienteViewModel.swift in Sources */,
				D1350DA92968A92700E6FADE /* GetUsuariosResponse.swift in Sources */,
				D1FD03EB295E4FAB0071C6F4 /* AgregarPacienteView.swift in Sources */,
				D1FD03F3295E6AB90071C6F4 /* VerPacienteView.swift in Sources */,
				D1350DAF2968AC7B00E6FADE /* VerUsuarioViewModel.swift in Sources */,
				D14D2FDD2967BD0100E57B43 /* EditarPacienteViewModel.swift in Sources */,
				D1FD03F0295E52110071C6F4 /* Paciente.swift in Sources */,
				FB91C5492919E11800B6F025 /* Ejercicios_iOS.xcdatamodeld in Sources */,
				D1FD03E6295E49B60071C6F4 /* MenuPrincipalView.swift in Sources */,
				D1FD03ED295E4FC70071C6F4 /* AgregarPacienteViewModel.swift in Sources */,
				FB91C53D2919E11300B6F025 /* Ejercicios_iOSApp.swift in Sources */,
				D14D2FD829679DEE00E57B43 /* SharedViewModel.swift in Sources */,
				D1350DAC2968AC4C00E6FADE /* VerUsuariosView.swift in Sources */,
			);
			runOnlyForDeploymentPostprocessing = 0;
		};
		FB91C54A2919E11900B6F025 /* Sources */ = {
			isa = PBXSourcesBuildPhase;
			buildActionMask = 2147483647;
			files = (
				FB91C5532919E11900B6F025 /* Ejercicios_iOSTests.swift in Sources */,
			);
			runOnlyForDeploymentPostprocessing = 0;
		};
		FB91C5542919E11900B6F025 /* Sources */ = {
			isa = PBXSourcesBuildPhase;
			buildActionMask = 2147483647;
			files = (
				FB91C55F2919E11900B6F025 /* Ejercicios_iOSUITestsLaunchTests.swift in Sources */,
				FB91C55D2919E11900B6F025 /* Ejercicios_iOSUITests.swift in Sources */,
			);
			runOnlyForDeploymentPostprocessing = 0;
		};
/* End PBXSourcesBuildPhase section */

/* Begin PBXTargetDependency section */
		FB91C5502919E11900B6F025 /* PBXTargetDependency */ = {
			isa = PBXTargetDependency;
			target = FB91C5382919E11300B6F025 /* Ejercicios-iOS */;
			targetProxy = FB91C54F2919E11900B6F025 /* PBXContainerItemProxy */;
		};
		FB91C55A2919E11900B6F025 /* PBXTargetDependency */ = {
			isa = PBXTargetDependency;
			target = FB91C5382919E11300B6F025 /* Ejercicios-iOS */;
			targetProxy = FB91C5592919E11900B6F025 /* PBXContainerItemProxy */;
		};
/* End PBXTargetDependency section */

/* Begin XCBuildConfiguration section */
		FB91C5602919E11900B6F025 /* Debug */ = {
			isa = XCBuildConfiguration;
			buildSettings = {
				ALWAYS_SEARCH_USER_PATHS = NO;
				CLANG_ANALYZER_NONNULL = YES;
				CLANG_ANALYZER_NUMBER_OBJECT_CONVERSION = YES_AGGRESSIVE;
				CLANG_CXX_LANGUAGE_STANDARD = "gnu++17";
				CLANG_CXX_LIBRARY = "libc++";
				CLANG_ENABLE_MODULES = YES;
				CLANG_ENABLE_OBJC_ARC = YES;
				CLANG_ENABLE_OBJC_WEAK = YES;
				CLANG_WARN_BLOCK_CAPTURE_AUTORELEASING = YES;
				CLANG_WARN_BOOL_CONVERSION = YES;
				CLANG_WARN_COMMA = YES;
				CLANG_WARN_CONSTANT_CONVERSION = YES;
				CLANG_WARN_DEPRECATED_OBJC_IMPLEMENTATIONS = YES;
				CLANG_WARN_DIRECT_OBJC_ISA_USAGE = YES_ERROR;
				CLANG_WARN_DOCUMENTATION_COMMENTS = YES;
				CLANG_WARN_EMPTY_BODY = YES;
				CLANG_WARN_ENUM_CONVERSION = YES;
				CLANG_WARN_INFINITE_RECURSION = YES;
				CLANG_WARN_INT_CONVERSION = YES;
				CLANG_WARN_NON_LITERAL_NULL_CONVERSION = YES;
				CLANG_WARN_OBJC_IMPLICIT_RETAIN_SELF = YES;
				CLANG_WARN_OBJC_LITERAL_CONVERSION = YES;
				CLANG_WARN_OBJC_ROOT_CLASS = YES_ERROR;
				CLANG_WARN_QUOTED_INCLUDE_IN_FRAMEWORK_HEADER = YES;
				CLANG_WARN_RANGE_LOOP_ANALYSIS = YES;
				CLANG_WARN_STRICT_PROTOTYPES = YES;
				CLANG_WARN_SUSPICIOUS_MOVE = YES;
				CLANG_WARN_UNGUARDED_AVAILABILITY = YES_AGGRESSIVE;
				CLANG_WARN_UNREACHABLE_CODE = YES;
				CLANG_WARN__DUPLICATE_METHOD_MATCH = YES;
				COPY_PHASE_STRIP = NO;
				DEBUG_INFORMATION_FORMAT = dwarf;
				ENABLE_STRICT_OBJC_MSGSEND = YES;
				ENABLE_TESTABILITY = YES;
				GCC_C_LANGUAGE_STANDARD = gnu11;
				GCC_DYNAMIC_NO_PIC = NO;
				GCC_NO_COMMON_BLOCKS = YES;
				GCC_OPTIMIZATION_LEVEL = 0;
				GCC_PREPROCESSOR_DEFINITIONS = (
					"DEBUG=1",
					"$(inherited)",
				);
				GCC_WARN_64_TO_32_BIT_CONVERSION = YES;
				GCC_WARN_ABOUT_RETURN_TYPE = YES_ERROR;
				GCC_WARN_UNDECLARED_SELECTOR = YES;
				GCC_WARN_UNINITIALIZED_AUTOS = YES_AGGRESSIVE;
				GCC_WARN_UNUSED_FUNCTION = YES;
				GCC_WARN_UNUSED_VARIABLE = YES;
				IPHONEOS_DEPLOYMENT_TARGET = 15.2;
				MTL_ENABLE_DEBUG_INFO = INCLUDE_SOURCE;
				MTL_FAST_MATH = YES;
				ONLY_ACTIVE_ARCH = YES;
				SDKROOT = iphoneos;
				SWIFT_ACTIVE_COMPILATION_CONDITIONS = DEBUG;
				SWIFT_OPTIMIZATION_LEVEL = "-Onone";
			};
			name = Debug;
		};
		FB91C5612919E11900B6F025 /* Release */ = {
			isa = XCBuildConfiguration;
			buildSettings = {
				ALWAYS_SEARCH_USER_PATHS = NO;
				CLANG_ANALYZER_NONNULL = YES;
				CLANG_ANALYZER_NUMBER_OBJECT_CONVERSION = YES_AGGRESSIVE;
				CLANG_CXX_LANGUAGE_STANDARD = "gnu++17";
				CLANG_CXX_LIBRARY = "libc++";
				CLANG_ENABLE_MODULES = YES;
				CLANG_ENABLE_OBJC_ARC = YES;
				CLANG_ENABLE_OBJC_WEAK = YES;
				CLANG_WARN_BLOCK_CAPTURE_AUTORELEASING = YES;
				CLANG_WARN_BOOL_CONVERSION = YES;
				CLANG_WARN_COMMA = YES;
				CLANG_WARN_CONSTANT_CONVERSION = YES;
				CLANG_WARN_DEPRECATED_OBJC_IMPLEMENTATIONS = YES;
				CLANG_WARN_DIRECT_OBJC_ISA_USAGE = YES_ERROR;
				CLANG_WARN_DOCUMENTATION_COMMENTS = YES;
				CLANG_WARN_EMPTY_BODY = YES;
				CLANG_WARN_ENUM_CONVERSION = YES;
				CLANG_WARN_INFINITE_RECURSION = YES;
				CLANG_WARN_INT_CONVERSION = YES;
				CLANG_WARN_NON_LITERAL_NULL_CONVERSION = YES;
				CLANG_WARN_OBJC_IMPLICIT_RETAIN_SELF = YES;
				CLANG_WARN_OBJC_LITERAL_CONVERSION = YES;
				CLANG_WARN_OBJC_ROOT_CLASS = YES_ERROR;
				CLANG_WARN_QUOTED_INCLUDE_IN_FRAMEWORK_HEADER = YES;
				CLANG_WARN_RANGE_LOOP_ANALYSIS = YES;
				CLANG_WARN_STRICT_PROTOTYPES = YES;
				CLANG_WARN_SUSPICIOUS_MOVE = YES;
				CLANG_WARN_UNGUARDED_AVAILABILITY = YES_AGGRESSIVE;
				CLANG_WARN_UNREACHABLE_CODE = YES;
				CLANG_WARN__DUPLICATE_METHOD_MATCH = YES;
				COPY_PHASE_STRIP = NO;
				DEBUG_INFORMATION_FORMAT = "dwarf-with-dsym";
				ENABLE_NS_ASSERTIONS = NO;
				ENABLE_STRICT_OBJC_MSGSEND = YES;
				GCC_C_LANGUAGE_STANDARD = gnu11;
				GCC_NO_COMMON_BLOCKS = YES;
				GCC_WARN_64_TO_32_BIT_CONVERSION = YES;
				GCC_WARN_ABOUT_RETURN_TYPE = YES_ERROR;
				GCC_WARN_UNDECLARED_SELECTOR = YES;
				GCC_WARN_UNINITIALIZED_AUTOS = YES_AGGRESSIVE;
				GCC_WARN_UNUSED_FUNCTION = YES;
				GCC_WARN_UNUSED_VARIABLE = YES;
				IPHONEOS_DEPLOYMENT_TARGET = 15.2;
				MTL_ENABLE_DEBUG_INFO = NO;
				MTL_FAST_MATH = YES;
				SDKROOT = iphoneos;
				SWIFT_COMPILATION_MODE = wholemodule;
				SWIFT_OPTIMIZATION_LEVEL = "-O";
				VALIDATE_PRODUCT = YES;
			};
			name = Release;
		};
		FB91C5632919E11900B6F025 /* Debug */ = {
			isa = XCBuildConfiguration;
			buildSettings = {
				ASSETCATALOG_COMPILER_APPICON_NAME = AppIcon;
				ASSETCATALOG_COMPILER_GLOBAL_ACCENT_COLOR_NAME = AccentColor;
				CODE_SIGN_STYLE = Automatic;
				CURRENT_PROJECT_VERSION = 1;
				DEVELOPMENT_ASSET_PATHS = "\"Ejercicios-iOS/Preview Content\"";
				ENABLE_PREVIEWS = YES;
				GENERATE_INFOPLIST_FILE = YES;
				INFOPLIST_KEY_UIApplicationSceneManifest_Generation = YES;
				INFOPLIST_KEY_UIApplicationSupportsIndirectInputEvents = YES;
				INFOPLIST_KEY_UILaunchScreen_Generation = YES;
				INFOPLIST_KEY_UISupportedInterfaceOrientations_iPad = "UIInterfaceOrientationPortrait UIInterfaceOrientationPortraitUpsideDown UIInterfaceOrientationLandscapeLeft UIInterfaceOrientationLandscapeRight";
				INFOPLIST_KEY_UISupportedInterfaceOrientations_iPhone = "UIInterfaceOrientationPortrait UIInterfaceOrientationLandscapeLeft UIInterfaceOrientationLandscapeRight";
				LD_RUNPATH_SEARCH_PATHS = (
					"$(inherited)",
					"@executable_path/Frameworks",
				);
				MARKETING_VERSION = 1.0;
				PRODUCT_BUNDLE_IDENTIFIER = "com.example.Ejercicios-iOS";
				PRODUCT_NAME = "$(TARGET_NAME)";
				SWIFT_EMIT_LOC_STRINGS = YES;
				SWIFT_VERSION = 5.0;
				TARGETED_DEVICE_FAMILY = "1,2";
			};
			name = Debug;
		};
		FB91C5642919E11900B6F025 /* Release */ = {
			isa = XCBuildConfiguration;
			buildSettings = {
				ASSETCATALOG_COMPILER_APPICON_NAME = AppIcon;
				ASSETCATALOG_COMPILER_GLOBAL_ACCENT_COLOR_NAME = AccentColor;
				CODE_SIGN_STYLE = Automatic;
				CURRENT_PROJECT_VERSION = 1;
				DEVELOPMENT_ASSET_PATHS = "\"Ejercicios-iOS/Preview Content\"";
				ENABLE_PREVIEWS = YES;
				GENERATE_INFOPLIST_FILE = YES;
				INFOPLIST_KEY_UIApplicationSceneManifest_Generation = YES;
				INFOPLIST_KEY_UIApplicationSupportsIndirectInputEvents = YES;
				INFOPLIST_KEY_UILaunchScreen_Generation = YES;
				INFOPLIST_KEY_UISupportedInterfaceOrientations_iPad = "UIInterfaceOrientationPortrait UIInterfaceOrientationPortraitUpsideDown UIInterfaceOrientationLandscapeLeft UIInterfaceOrientationLandscapeRight";
				INFOPLIST_KEY_UISupportedInterfaceOrientations_iPhone = "UIInterfaceOrientationPortrait UIInterfaceOrientationLandscapeLeft UIInterfaceOrientationLandscapeRight";
				LD_RUNPATH_SEARCH_PATHS = (
					"$(inherited)",
					"@executable_path/Frameworks",
				);
				MARKETING_VERSION = 1.0;
				PRODUCT_BUNDLE_IDENTIFIER = "com.example.Ejercicios-iOS";
				PRODUCT_NAME = "$(TARGET_NAME)";
				SWIFT_EMIT_LOC_STRINGS = YES;
				SWIFT_VERSION = 5.0;
				TARGETED_DEVICE_FAMILY = "1,2";
			};
			name = Release;
		};
		FB91C5662919E11900B6F025 /* Debug */ = {
			isa = XCBuildConfiguration;
			buildSettings = {
				ALWAYS_EMBED_SWIFT_STANDARD_LIBRARIES = YES;
				BUNDLE_LOADER = "$(TEST_HOST)";
				CODE_SIGN_STYLE = Automatic;
				CURRENT_PROJECT_VERSION = 1;
				GENERATE_INFOPLIST_FILE = YES;
				IPHONEOS_DEPLOYMENT_TARGET = 15.2;
				MARKETING_VERSION = 1.0;
				PRODUCT_BUNDLE_IDENTIFIER = "com.example.Ejercicios-iOSTests";
				PRODUCT_NAME = "$(TARGET_NAME)";
				SWIFT_EMIT_LOC_STRINGS = NO;
				SWIFT_VERSION = 5.0;
				TARGETED_DEVICE_FAMILY = "1,2";
				TEST_HOST = "$(BUILT_PRODUCTS_DIR)/Ejercicios-iOS.app/Ejercicios-iOS";
			};
			name = Debug;
		};
		FB91C5672919E11900B6F025 /* Release */ = {
			isa = XCBuildConfiguration;
			buildSettings = {
				ALWAYS_EMBED_SWIFT_STANDARD_LIBRARIES = YES;
				BUNDLE_LOADER = "$(TEST_HOST)";
				CODE_SIGN_STYLE = Automatic;
				CURRENT_PROJECT_VERSION = 1;
				GENERATE_INFOPLIST_FILE = YES;
				IPHONEOS_DEPLOYMENT_TARGET = 15.2;
				MARKETING_VERSION = 1.0;
				PRODUCT_BUNDLE_IDENTIFIER = "com.example.Ejercicios-iOSTests";
				PRODUCT_NAME = "$(TARGET_NAME)";
				SWIFT_EMIT_LOC_STRINGS = NO;
				SWIFT_VERSION = 5.0;
				TARGETED_DEVICE_FAMILY = "1,2";
				TEST_HOST = "$(BUILT_PRODUCTS_DIR)/Ejercicios-iOS.app/Ejercicios-iOS";
			};
			name = Release;
		};
		FB91C5692919E11900B6F025 /* Debug */ = {
			isa = XCBuildConfiguration;
			buildSettings = {
				ALWAYS_EMBED_SWIFT_STANDARD_LIBRARIES = YES;
				CODE_SIGN_STYLE = Automatic;
				CURRENT_PROJECT_VERSION = 1;
				GENERATE_INFOPLIST_FILE = YES;
				MARKETING_VERSION = 1.0;
				PRODUCT_BUNDLE_IDENTIFIER = "com.example.Ejercicios-iOSUITests";
				PRODUCT_NAME = "$(TARGET_NAME)";
				SWIFT_EMIT_LOC_STRINGS = NO;
				SWIFT_VERSION = 5.0;
				TARGETED_DEVICE_FAMILY = "1,2";
				TEST_TARGET_NAME = "Ejercicios-iOS";
			};
			name = Debug;
		};
		FB91C56A2919E11900B6F025 /* Release */ = {
			isa = XCBuildConfiguration;
			buildSettings = {
				ALWAYS_EMBED_SWIFT_STANDARD_LIBRARIES = YES;
				CODE_SIGN_STYLE = Automatic;
				CURRENT_PROJECT_VERSION = 1;
				GENERATE_INFOPLIST_FILE = YES;
				MARKETING_VERSION = 1.0;
				PRODUCT_BUNDLE_IDENTIFIER = "com.example.Ejercicios-iOSUITests";
				PRODUCT_NAME = "$(TARGET_NAME)";
				SWIFT_EMIT_LOC_STRINGS = NO;
				SWIFT_VERSION = 5.0;
				TARGETED_DEVICE_FAMILY = "1,2";
				TEST_TARGET_NAME = "Ejercicios-iOS";
			};
			name = Release;
		};
/* End XCBuildConfiguration section */

/* Begin XCConfigurationList section */
		FB91C5342919E11300B6F025 /* Build configuration list for PBXProject "Ejercicios-iOS" */ = {
			isa = XCConfigurationList;
			buildConfigurations = (
				FB91C5602919E11900B6F025 /* Debug */,
				FB91C5612919E11900B6F025 /* Release */,
			);
			defaultConfigurationIsVisible = 0;
			defaultConfigurationName = Release;
		};
		FB91C5622919E11900B6F025 /* Build configuration list for PBXNativeTarget "Ejercicios-iOS" */ = {
			isa = XCConfigurationList;
			buildConfigurations = (
				FB91C5632919E11900B6F025 /* Debug */,
				FB91C5642919E11900B6F025 /* Release */,
			);
			defaultConfigurationIsVisible = 0;
			defaultConfigurationName = Release;
		};
		FB91C5652919E11900B6F025 /* Build configuration list for PBXNativeTarget "Ejercicios-iOSTests" */ = {
			isa = XCConfigurationList;
			buildConfigurations = (
				FB91C5662919E11900B6F025 /* Debug */,
				FB91C5672919E11900B6F025 /* Release */,
			);
			defaultConfigurationIsVisible = 0;
			defaultConfigurationName = Release;
		};
		FB91C5682919E11900B6F025 /* Build configuration list for PBXNativeTarget "Ejercicios-iOSUITests" */ = {
			isa = XCConfigurationList;
			buildConfigurations = (
				FB91C5692919E11900B6F025 /* Debug */,
				FB91C56A2919E11900B6F025 /* Release */,
			);
			defaultConfigurationIsVisible = 0;
			defaultConfigurationName = Release;
		};
/* End XCConfigurationList section */

/* Begin XCRemoteSwiftPackageReference section */
		D1350DA32968A70600E6FADE /* XCRemoteSwiftPackageReference "Alamofire" */ = {
			isa = XCRemoteSwiftPackageReference;
			repositoryURL = "https://github.com/Alamofire/Alamofire";
			requirement = {
				kind = upToNextMajorVersion;
				minimumVersion = 5.0.0;
			};
		};
/* End XCRemoteSwiftPackageReference section */

/* Begin XCSwiftPackageProductDependency section */
		D1350DA42968A70600E6FADE /* Alamofire */ = {
			isa = XCSwiftPackageProductDependency;
			package = D1350DA32968A70600E6FADE /* XCRemoteSwiftPackageReference "Alamofire" */;
			productName = Alamofire;
		};
/* End XCSwiftPackageProductDependency section */

/* Begin XCVersionGroup section */
		FB91C5472919E11800B6F025 /* Ejercicios_iOS.xcdatamodeld */ = {
			isa = XCVersionGroup;
			children = (
				FB91C5482919E11800B6F025 /* Ejercicios_iOS.xcdatamodel */,
			);
			currentVersion = FB91C5482919E11800B6F025 /* Ejercicios_iOS.xcdatamodel */;
			path = Ejercicios_iOS.xcdatamodeld;
			sourceTree = "<group>";
			versionGroupType = wrapper.xcdatamodel;
		};
/* End XCVersionGroup section */
	};
	rootObject = FB91C5312919E11300B6F025 /* Project object */;
}
